
Microsoft Visual Studio Solution File, Format Version 12.00
# Visual Studio Version 17
VisualStudioVersion = 17.10.35013.160
MinimumVisualStudioVersion = 10.0.40219.1
Project("{FAE04EC0-301F-11D3-BF4B-00C04F79EFBC}") = "Receipt", "Receipt\Receipt.csproj", "{448C80A8-C78B-4896-98C1-2840BB48CDB3}"
EndProject
Global
	GlobalSection(SolutionConfigurationPlatforms) = preSolution
		Debug|Any CPU = Debug|Any CPU
		Release|Any CPU = Release|Any CPU
	EndGlobalSection
	GlobalSection(ProjectConfigurationPlatforms) = postSolution
		{448C80A8-C78B-4896-98C1-2840BB48CDB3}.Debug|Any CPU.ActiveCfg = Debug|Any CPU
		{448C80A8-C78B-4896-98C1-2840BB48CDB3}.Debug|Any CPU.Build.0 = Debug|Any CPU
		{448C80A8-C78B-4896-98C1-2840BB48CDB3}.Release|Any CPU.ActiveCfg = Release|Any CPU
		{448C80A8-C78B-4896-98C1-2840BB48CDB3}.Release|Any CPU.Build.0 = Release|Any CPU
	EndGlobalSection
	GlobalSection(SolutionProperties) = preSolution
		HideSolutionNode = FALSE
	EndGlobalSection
	GlobalSection(ExtensibilityGlobals) = postSolution
		SolutionGuid = {CE6C5515-1762-449B-A4EE-A9FDA25B3454}
	EndGlobalSection
EndGlobal
